
Microsoft Visual Studio Solution File, Format Version 12.00
# Visual Studio Version 17
VisualStudioVersion = 17.6.33801.468
MinimumVisualStudioVersion = 10.0.40219.1
Project("{FAE04EC0-301F-11D3-BF4B-00C04F79EFBC}") = "MKE", "MKE\MKE.csproj", "{EFC10442-483F-4159-A1DA-2FF3B251633F}"
EndProject
Global
	GlobalSection(SolutionConfigurationPlatforms) = preSolution
		Debug|Any CPU = Debug|Any CPU
		Release|Any CPU = Release|Any CPU
	EndGlobalSection
	GlobalSection(ProjectConfigurationPlatforms) = postSolution
		{EFC10442-483F-4159-A1DA-2FF3B251633F}.Debug|Any CPU.ActiveCfg = Debug|Any CPU
		{EFC10442-483F-4159-A1DA-2FF3B251633F}.Debug|Any CPU.Build.0 = Debug|Any CPU
		{EFC10442-483F-4159-A1DA-2FF3B251633F}.Release|Any CPU.ActiveCfg = Release|Any CPU
		{EFC10442-483F-4159-A1DA-2FF3B251633F}.Release|Any CPU.Build.0 = Release|Any CPU
	EndGlobalSection
	GlobalSection(SolutionProperties) = preSolution
		HideSolutionNode = FALSE
	EndGlobalSection
	GlobalSection(ExtensibilityGlobals) = postSolution
		SolutionGuid = {F3C08195-408E-46F8-9C2D-4082CEAE7030}
	EndGlobalSection
EndGlobal
